
Microsoft Visual Studio Solution File, Format Version 12.00
# Visual Studio Version 16
VisualStudioVersion = 16.0.30717.126
MinimumVisualStudioVersion = 10.0.40219.1
Project("{FAE04EC0-301F-11D3-BF4B-00C04F79EFBC}") = "WebApplication1", "WebApplication1.csproj", "{DD799AAF-BDCA-407D-84FE-31D64E4D19F5}"
EndProject
Global
	GlobalSection(SolutionConfigurationPlatforms) = preSolution
		Debug|Any CPU = Debug|Any CPU
		Release|Any CPU = Release|Any CPU
	EndGlobalSection
	GlobalSection(ProjectConfigurationPlatforms) = postSolution
		{DD799AAF-BDCA-407D-84FE-31D64E4D19F5}.Debug|Any CPU.ActiveCfg = Debug|Any CPU
		{DD799AAF-BDCA-407D-84FE-31D64E4D19F5}.Debug|Any CPU.Build.0 = Debug|Any CPU
		{DD799AAF-BDCA-407D-84FE-31D64E4D19F5}.Release|Any CPU.ActiveCfg = Release|Any CPU
		{DD799AAF-BDCA-407D-84FE-31D64E4D19F5}.Release|Any CPU.Build.0 = Release|Any CPU
	EndGlobalSection
	GlobalSection(SolutionProperties) = preSolution
		HideSolutionNode = FALSE
	EndGlobalSection
	GlobalSection(ExtensibilityGlobals) = postSolution
		SolutionGuid = {31D071A4-9B66-4812-BDD7-52348EBD50A7}
	EndGlobalSection
EndGlobal
